
Microsoft Visual Studio Solution File, Format Version 12.00
# Visual Studio Version 17
VisualStudioVersion = 17.6.33513.286
MinimumVisualStudioVersion = 10.0.40219.1
Project("{FAE04EC0-301F-11D3-BF4B-00C04F79EFBC}") = "AnimalFarm", "AnimalFarm\AnimalFarm.csproj", "{D4521501-2666-48AE-AAA1-6708C84B39F9}"
EndProject
Global
	GlobalSection(SolutionConfigurationPlatforms) = preSolution
		Debug|Any CPU = Debug|Any CPU
		Release|Any CPU = Release|Any CPU
	EndGlobalSection
	GlobalSection(ProjectConfigurationPlatforms) = postSolution
		{D4521501-2666-48AE-AAA1-6708C84B39F9}.Debug|Any CPU.ActiveCfg = Debug|Any CPU
		{D4521501-2666-48AE-AAA1-6708C84B39F9}.Debug|Any CPU.Build.0 = Debug|Any CPU
		{D4521501-2666-48AE-AAA1-6708C84B39F9}.Release|Any CPU.ActiveCfg = Release|Any CPU
		{D4521501-2666-48AE-AAA1-6708C84B39F9}.Release|Any CPU.Build.0 = Release|Any CPU
	EndGlobalSection
	GlobalSection(SolutionProperties) = preSolution
		HideSolutionNode = FALSE
	EndGlobalSection
	GlobalSection(ExtensibilityGlobals) = postSolution
		SolutionGuid = {D16FC6B9-B43D-46CF-AB33-AC7C8142A71A}
	EndGlobalSection
EndGlobal
